
Microsoft Visual Studio Solution File, Format Version 12.00
Project("{FAE04EC0-301F-11D3-BF4B-00C04F79EFBC}") = "FrontEnd", "FrontEnd\FrontEnd.csproj", "{7976D2DA-1AFD-4259-8F6E-4758F845E8E2}"
EndProject
Project("{FAE04EC0-301F-11D3-BF4B-00C04F79EFBC}") = "CommonChat", "BackEnd\CommonChat\CommonChat.csproj", "{DCF9995B-9A25-4AF1-856B-CA978F8D7629}"
EndProject
Project("{FAE04EC0-301F-11D3-BF4B-00C04F79EFBC}") = "OnConnect", "BackEnd\OnConnect\OnConnect.csproj", "{AE9C25F5-2AAF-4DDE-BE0F-23FFE0623112}"
EndProject
Project("{FAE04EC0-301F-11D3-BF4B-00C04F79EFBC}") = "OnDisconnect", "BackEnd\OnDisconnect\OnDisconnect.csproj", "{0635C44F-16FF-40EA-929A-A446DE18FBF3}"
EndProject
Project("{FAE04EC0-301F-11D3-BF4B-00C04F79EFBC}") = "SendMessage", "BackEnd\SendMessage\SendMessage.csproj", "{12527000-6433-4969-BD7A-7EE8D6255667}"
EndProject
Project("{FAE04EC0-301F-11D3-BF4B-00C04F79EFBC}") = "Infrastructure", "Infrastructure\src\Infrastructure\Infrastructure.csproj", "{862835D6-1C99-4567-B59F-86686D2DF84D}"
EndProject
Global
	GlobalSection(SolutionConfigurationPlatforms) = preSolution
		Debug|Any CPU = Debug|Any CPU
		Release|Any CPU = Release|Any CPU
	EndGlobalSection
	GlobalSection(ProjectConfigurationPlatforms) = postSolution
		{7976D2DA-1AFD-4259-8F6E-4758F845E8E2}.Debug|Any CPU.ActiveCfg = Debug|Any CPU
		{7976D2DA-1AFD-4259-8F6E-4758F845E8E2}.Debug|Any CPU.Build.0 = Debug|Any CPU
		{7976D2DA-1AFD-4259-8F6E-4758F845E8E2}.Release|Any CPU.ActiveCfg = Release|Any CPU
		{7976D2DA-1AFD-4259-8F6E-4758F845E8E2}.Release|Any CPU.Build.0 = Release|Any CPU
		{DCF9995B-9A25-4AF1-856B-CA978F8D7629}.Debug|Any CPU.ActiveCfg = Debug|Any CPU
		{DCF9995B-9A25-4AF1-856B-CA978F8D7629}.Debug|Any CPU.Build.0 = Debug|Any CPU
		{DCF9995B-9A25-4AF1-856B-CA978F8D7629}.Release|Any CPU.ActiveCfg = Release|Any CPU
		{DCF9995B-9A25-4AF1-856B-CA978F8D7629}.Release|Any CPU.Build.0 = Release|Any CPU
		{AE9C25F5-2AAF-4DDE-BE0F-23FFE0623112}.Debug|Any CPU.ActiveCfg = Debug|Any CPU
		{AE9C25F5-2AAF-4DDE-BE0F-23FFE0623112}.Debug|Any CPU.Build.0 = Debug|Any CPU
		{AE9C25F5-2AAF-4DDE-BE0F-23FFE0623112}.Release|Any CPU.ActiveCfg = Release|Any CPU
		{AE9C25F5-2AAF-4DDE-BE0F-23FFE0623112}.Release|Any CPU.Build.0 = Release|Any CPU
		{0635C44F-16FF-40EA-929A-A446DE18FBF3}.Debug|Any CPU.ActiveCfg = Debug|Any CPU
		{0635C44F-16FF-40EA-929A-A446DE18FBF3}.Debug|Any CPU.Build.0 = Debug|Any CPU
		{0635C44F-16FF-40EA-929A-A446DE18FBF3}.Release|Any CPU.ActiveCfg = Release|Any CPU
		{0635C44F-16FF-40EA-929A-A446DE18FBF3}.Release|Any CPU.Build.0 = Release|Any CPU
		{12527000-6433-4969-BD7A-7EE8D6255667}.Debug|Any CPU.ActiveCfg = Debug|Any CPU
		{12527000-6433-4969-BD7A-7EE8D6255667}.Debug|Any CPU.Build.0 = Debug|Any CPU
		{12527000-6433-4969-BD7A-7EE8D6255667}.Release|Any CPU.ActiveCfg = Release|Any CPU
		{12527000-6433-4969-BD7A-7EE8D6255667}.Release|Any CPU.Build.0 = Release|Any CPU
		{862835D6-1C99-4567-B59F-86686D2DF84D}.Debug|Any CPU.ActiveCfg = Debug|Any CPU
		{862835D6-1C99-4567-B59F-86686D2DF84D}.Debug|Any CPU.Build.0 = Debug|Any CPU
		{862835D6-1C99-4567-B59F-86686D2DF84D}.Release|Any CPU.ActiveCfg = Release|Any CPU
		{862835D6-1C99-4567-B59F-86686D2DF84D}.Release|Any CPU.Build.0 = Release|Any CPU
	EndGlobalSection
EndGlobal
